
Microsoft Visual Studio Solution File, Format Version 12.00
# Visual Studio Version 16
VisualStudioVersion = 16.0.29613.14
MinimumVisualStudioVersion = 10.0.40219.1
Project("{FAE04EC0-301F-11D3-BF4B-00C04F79EFBC}") = "EARLY_ONE", "EARLY_ONE\EARLY_ONE.csproj", "{135B7F50-9BAD-4EF4-9D41-7A6251AB11C0}"
EndProject
Global
	GlobalSection(SolutionConfigurationPlatforms) = preSolution
		Debug|Any CPU = Debug|Any CPU
		Release|Any CPU = Release|Any CPU
	EndGlobalSection
	GlobalSection(ProjectConfigurationPlatforms) = postSolution
		{135B7F50-9BAD-4EF4-9D41-7A6251AB11C0}.Debug|Any CPU.ActiveCfg = Debug|Any CPU
		{135B7F50-9BAD-4EF4-9D41-7A6251AB11C0}.Debug|Any CPU.Build.0 = Debug|Any CPU
		{135B7F50-9BAD-4EF4-9D41-7A6251AB11C0}.Release|Any CPU.ActiveCfg = Release|Any CPU
		{135B7F50-9BAD-4EF4-9D41-7A6251AB11C0}.Release|Any CPU.Build.0 = Release|Any CPU
	EndGlobalSection
	GlobalSection(SolutionProperties) = preSolution
		HideSolutionNode = FALSE
	EndGlobalSection
	GlobalSection(ExtensibilityGlobals) = postSolution
		SolutionGuid = {92BE3687-652A-4DD9-8A5E-DCCEA3733CA5}
	EndGlobalSection
EndGlobal
